
Microsoft Visual Studio Solution File, Format Version 12.00
Project("{2150E333-8FDC-42A3-9474-1A3956D46DE8}") = "src", "src", "{BDE2F248-0161-4047-82A1-9A28ED6350BA}"
EndProject
Project("{2150E333-8FDC-42A3-9474-1A3956D46DE8}") = "API", "API", "{B23A6F7B-5622-437D-BCBA-ACBF1B3C3429}"
EndProject
Project("{2150E333-8FDC-42A3-9474-1A3956D46DE8}") = "Core", "Core", "{D59DBC39-AF6B-44F5-8F36-24BE37706B19}"
EndProject
Project("{2150E333-8FDC-42A3-9474-1A3956D46DE8}") = "Infrastructure", "Infrastructure", "{4A88C98E-53CF-4D91-9433-2ABF1059445E}"
EndProject
Project("{2150E333-8FDC-42A3-9474-1A3956D46DE8}") = "UI", "UI", "{1D8AF3BB-34BB-4C07-90D1-8D488D6DCF76}"
EndProject
Project("{2150E333-8FDC-42A3-9474-1A3956D46DE8}") = "test", "test", "{82B5697A-D513-44EE-95AE-CFEFBFF8320F}"
EndProject
Project("{FAE04EC0-301F-11D3-BF4B-00C04F79EFBC}") = "HR.LeaveManagement.Domain", "HR.LeaveManagement.Domain\HR.LeaveManagement.Domain.csproj", "{35962297-C6BF-4EBB-A472-0263326BE5E1}"
EndProject
Global
	GlobalSection(SolutionConfigurationPlatforms) = preSolution
		Debug|Any CPU = Debug|Any CPU
		Release|Any CPU = Release|Any CPU
	EndGlobalSection
	GlobalSection(NestedProjects) = preSolution
		{B23A6F7B-5622-437D-BCBA-ACBF1B3C3429} = {BDE2F248-0161-4047-82A1-9A28ED6350BA}
		{D59DBC39-AF6B-44F5-8F36-24BE37706B19} = {BDE2F248-0161-4047-82A1-9A28ED6350BA}
		{4A88C98E-53CF-4D91-9433-2ABF1059445E} = {BDE2F248-0161-4047-82A1-9A28ED6350BA}
		{1D8AF3BB-34BB-4C07-90D1-8D488D6DCF76} = {BDE2F248-0161-4047-82A1-9A28ED6350BA}
		{35962297-C6BF-4EBB-A472-0263326BE5E1} = {D59DBC39-AF6B-44F5-8F36-24BE37706B19}
	EndGlobalSection
	GlobalSection(ProjectConfigurationPlatforms) = postSolution
		{35962297-C6BF-4EBB-A472-0263326BE5E1}.Debug|Any CPU.ActiveCfg = Debug|Any CPU
		{35962297-C6BF-4EBB-A472-0263326BE5E1}.Debug|Any CPU.Build.0 = Debug|Any CPU
		{35962297-C6BF-4EBB-A472-0263326BE5E1}.Release|Any CPU.ActiveCfg = Release|Any CPU
		{35962297-C6BF-4EBB-A472-0263326BE5E1}.Release|Any CPU.Build.0 = Release|Any CPU
	EndGlobalSection
EndGlobal
